
Microsoft Visual Studio Solution File, Format Version 12.00
# Visual Studio Version 16
VisualStudioVersion = 16.0.30611.23
MinimumVisualStudioVersion = 10.0.40219.1
Project("{FAE04EC0-301F-11D3-BF4B-00C04F79EFBC}") = "MusicPlayer", "MusicPlayer\MusicPlayer.csproj", "{AA7DD6D8-9685-4BF0-9FD8-3EACE67D2899}"
EndProject
Global
	GlobalSection(SolutionConfigurationPlatforms) = preSolution
		Debug|Any CPU = Debug|Any CPU
		Release|Any CPU = Release|Any CPU
	EndGlobalSection
	GlobalSection(ProjectConfigurationPlatforms) = postSolution
		{AA7DD6D8-9685-4BF0-9FD8-3EACE67D2899}.Debug|Any CPU.ActiveCfg = Debug|Any CPU
		{AA7DD6D8-9685-4BF0-9FD8-3EACE67D2899}.Debug|Any CPU.Build.0 = Debug|Any CPU
		{AA7DD6D8-9685-4BF0-9FD8-3EACE67D2899}.Release|Any CPU.ActiveCfg = Release|Any CPU
		{AA7DD6D8-9685-4BF0-9FD8-3EACE67D2899}.Release|Any CPU.Build.0 = Release|Any CPU
	EndGlobalSection
	GlobalSection(SolutionProperties) = preSolution
		HideSolutionNode = FALSE
	EndGlobalSection
	GlobalSection(ExtensibilityGlobals) = postSolution
		SolutionGuid = {C8F35643-4ECC-4E74-A220-110C76943262}
	EndGlobalSection
EndGlobal
